Microsoft Visual Studio Solution File, Format Version 12.00
# Visual Studio 2012
Project("{FAE04EC0-301F-11D3-BF4B-00C04F79EFBC}") = "ZeromaXPlayground", "ZeromaXPlayground.csproj", "{0F9F012C-9DDE-481E-90BC-812114A5FD5E}"
EndProject
Project("{F2A71F9B-5D33-465A-A702-920D77279786}") = "BackEnd4IdleStrategyFS", "BackEnd4IdleStrategyFS\BackEnd4IdleStrategyFS.fsproj", "{7583A8DF-C5DA-4DEA-84C5-A7CDC7F904BC}"
EndProject
Project("{F2A71F9B-5D33-465A-A702-920D77279786}") = "BackEnd4IdleStrategyFS.Test", "BackEnd4IdleStrategyFS.Test\BackEnd4IdleStrategyFS.Test.fsproj", "{B7F28BAB-EB05-42D0-AA33-79233247E253}"
EndProject
Project("{F2A71F9B-5D33-465A-A702-920D77279786}") = "FrontEnd4IdleStrategyFS", "FrontEnd4IdleStrategyFS\FrontEnd4IdleStrategyFS.fsproj", "{4A263E9C-33DD-4004-AF78-532C6366AB5A}"
EndProject
Global
	GlobalSection(SolutionConfigurationPlatforms) = preSolution
	Debug|Any CPU = Debug|Any CPU
	ExportDebug|Any CPU = ExportDebug|Any CPU
	ExportRelease|Any CPU = ExportRelease|Any CPU
	EndGlobalSection
	GlobalSection(ProjectConfigurationPlatforms) = postSolution
		{0F9F012C-9DDE-481E-90BC-812114A5FD5E}.Debug|Any CPU.ActiveCfg = Debug|Any CPU
		{0F9F012C-9DDE-481E-90BC-812114A5FD5E}.Debug|Any CPU.Build.0 = Debug|Any CPU
		{0F9F012C-9DDE-481E-90BC-812114A5FD5E}.ExportDebug|Any CPU.ActiveCfg = ExportDebug|Any CPU
		{0F9F012C-9DDE-481E-90BC-812114A5FD5E}.ExportDebug|Any CPU.Build.0 = ExportDebug|Any CPU
		{0F9F012C-9DDE-481E-90BC-812114A5FD5E}.ExportRelease|Any CPU.ActiveCfg = ExportRelease|Any CPU
		{0F9F012C-9DDE-481E-90BC-812114A5FD5E}.ExportRelease|Any CPU.Build.0 = ExportRelease|Any CPU
		{7583A8DF-C5DA-4DEA-84C5-A7CDC7F904BC}.Debug|Any CPU.ActiveCfg = Debug|Any CPU
		{7583A8DF-C5DA-4DEA-84C5-A7CDC7F904BC}.Debug|Any CPU.Build.0 = Debug|Any CPU
		{7583A8DF-C5DA-4DEA-84C5-A7CDC7F904BC}.ExportDebug|Any CPU.ActiveCfg = Debug|Any CPU
		{7583A8DF-C5DA-4DEA-84C5-A7CDC7F904BC}.ExportDebug|Any CPU.Build.0 = Debug|Any CPU
		{7583A8DF-C5DA-4DEA-84C5-A7CDC7F904BC}.ExportRelease|Any CPU.ActiveCfg = Debug|Any CPU
		{7583A8DF-C5DA-4DEA-84C5-A7CDC7F904BC}.ExportRelease|Any CPU.Build.0 = Debug|Any CPU
		{B7F28BAB-EB05-42D0-AA33-79233247E253}.Debug|Any CPU.ActiveCfg = Debug|Any CPU
		{B7F28BAB-EB05-42D0-AA33-79233247E253}.Debug|Any CPU.Build.0 = Debug|Any CPU
		{B7F28BAB-EB05-42D0-AA33-79233247E253}.ExportDebug|Any CPU.ActiveCfg = Debug|Any CPU
		{B7F28BAB-EB05-42D0-AA33-79233247E253}.ExportDebug|Any CPU.Build.0 = Debug|Any CPU
		{B7F28BAB-EB05-42D0-AA33-79233247E253}.ExportRelease|Any CPU.ActiveCfg = Debug|Any CPU
		{B7F28BAB-EB05-42D0-AA33-79233247E253}.ExportRelease|Any CPU.Build.0 = Debug|Any CPU
		{4A263E9C-33DD-4004-AF78-532C6366AB5A}.Debug|Any CPU.ActiveCfg = Debug|Any CPU
		{4A263E9C-33DD-4004-AF78-532C6366AB5A}.Debug|Any CPU.Build.0 = Debug|Any CPU
		{4A263E9C-33DD-4004-AF78-532C6366AB5A}.ExportDebug|Any CPU.ActiveCfg = Debug|Any CPU
		{4A263E9C-33DD-4004-AF78-532C6366AB5A}.ExportDebug|Any CPU.Build.0 = Debug|Any CPU
		{4A263E9C-33DD-4004-AF78-532C6366AB5A}.ExportRelease|Any CPU.ActiveCfg = Debug|Any CPU
		{4A263E9C-33DD-4004-AF78-532C6366AB5A}.ExportRelease|Any CPU.Build.0 = Debug|Any CPU
	EndGlobalSection
EndGlobal
