Microsoft Visual Studio Solution File, Format Version 12.00
# Visual Studio 2012
Project("{FAE04EC0-301F-11D3-BF4B-00C04F79EFBC}") = "ZeromaX-s Playground Project", "ZeromaX-s Playground Project.csproj", "{780894CC-21B5-4E2B-ADE6-0F600D10249A}"
EndProject
Project("{F2A71F9B-5D33-465A-A702-920D77279786}") = "ProjectFS", "ProjectFS\ProjectFS.fsproj", "{910BE9F9-4102-4E67-83B9-BBC9DC126AE5}"
EndProject
Project("{FAE04EC0-301F-11D3-BF4B-00C04F79EFBC}") = "Tests.Commons", "Tests.Commons\Tests.Commons.csproj", "{A5B88203-968F-436B-A4F8-E160FE8BFB0C}"
EndProject
Project("{FAE04EC0-301F-11D3-BF4B-00C04F79EFBC}") = "Code.Commons", "Code.Commons\Code.Commons.csproj", "{F7BCB44E-8A8C-4AF9-B7B2-41A89A8BA801}"
EndProject
Project("{FAE04EC0-301F-11D3-BF4B-00C04F79EFBC}") = "GodotNodes.Abstractions", "GodotNodes.Abstractions\GodotNodes.Abstractions.csproj", "{ACCB75B3-3741-4139-9BC9-F2DAC4C48CFF}"
EndProject
Project("{2150E333-8FDC-42A3-9474-1A3956D46DE8}") = "00_Nodes", "00_Nodes", "{5839F266-DA41-4085-8AC8-401B270E59E1}"
EndProject
Project("{2150E333-8FDC-42A3-9474-1A3956D46DE8}") = "10_Apps", "10_Apps", "{51E82F8C-7EB2-4915-BFA7-ADEEE259F207}"
EndProject
Project("{2150E333-8FDC-42A3-9474-1A3956D46DE8}") = "01_Contexts", "01_Contexts", "{A72ED541-BD25-4ADA-96EC-0CFE429679BF}"
EndProject
Project("{2150E333-8FDC-42A3-9474-1A3956D46DE8}") = "11_Domains", "11_Domains", "{B5020FA0-FF49-480C-B6D9-783AF9426111}"
EndProject
Project("{2150E333-8FDC-42A3-9474-1A3956D46DE8}") = "12_Infras", "12_Infras", "{92FC74D8-5AA6-4030-BC09-FC8E61A13F8E}"
EndProject
Project("{FAE04EC0-301F-11D3-BF4B-00C04F79EFBC}") = "Code.Nodes.Abstractions", "Code.Nodes.Abstractions\Code.Nodes.Abstractions.csproj", "{94DF6592-9A14-429B-BAFE-2554A0A1B0F0}"
EndProject
Project("{2150E333-8FDC-42A3-9474-1A3956D46DE8}") = "0_Godot", "0_Godot", "{CD5121C6-1BD6-4A41-9A38-803FF66A0FA1}"
EndProject
Project("{2150E333-8FDC-42A3-9474-1A3956D46DE8}") = "1_MyCSharpCode", "1_MyCSharpCode", "{724BF993-C84C-4FB0-BBA6-ED60A7FB5D3C}"
EndProject
Project("{2150E333-8FDC-42A3-9474-1A3956D46DE8}") = "2_CrossSolutions", "2_CrossSolutions", "{4B60B6FE-E94E-411F-BF2F-E73C6CBBF2DF}"
EndProject
Project("{FAE04EC0-301F-11D3-BF4B-00C04F79EFBC}") = "Code.Contexts", "Code.Contexts\Code.Contexts.csproj", "{EE02755E-A49E-4108-BCE6-80E1C3B2EB56}"
EndProject
Project("{FAE04EC0-301F-11D3-BF4B-00C04F79EFBC}") = "Code.Contexts.Abstractions", "Code.Contexts.Abstractions\Code.Contexts.Abstractions.csproj", "{A8056B67-AC49-440C-92BD-69D153A6CBE2}"
EndProject
Project("{FAE04EC0-301F-11D3-BF4B-00C04F79EFBC}") = "Code.Apps.Commands", "Code.Apps.Commands\Code.Apps.Commands.csproj", "{FD54C570-E6D0-4BFA-8347-8B7AC6A4E0FA}"
EndProject
Project("{FAE04EC0-301F-11D3-BF4B-00C04F79EFBC}") = "Code.Domains.Models", "Code.Domains.Models\Code.Domains.Models.csproj", "{40FE6251-7CE8-4121-B258-79881C8AEB2C}"
EndProject
Project("{FAE04EC0-301F-11D3-BF4B-00C04F79EFBC}") = "Code.Domains.Services", "Code.Domains.Services\Code.Domains.Services.csproj", "{7D497FAC-25E7-41B5-B6CC-E5EF84CC6DE8}"
EndProject
Project("{FAE04EC0-301F-11D3-BF4B-00C04F79EFBC}") = "Code.Domains.Services.Abstractions", "Code.Domains.Services.Abstractions\Code.Domains.Services.Abstractions.csproj", "{3D857600-CA51-440A-95F0-4342E95E4A25}"
EndProject
Project("{FAE04EC0-301F-11D3-BF4B-00C04F79EFBC}") = "Code.Infras.Writers", "Code.Infras.Writers\Code.Infras.Writers.csproj", "{0C83EE1E-9EB9-4B1A-8434-EDC28B1680A8}"
EndProject
Project("{FAE04EC0-301F-11D3-BF4B-00C04F79EFBC}") = "Code.Infras.Writers.Abstractions", "Code.Infras.Writers.Abstractions\Code.Infras.Writers.Abstractions.csproj", "{0916FE98-2BDC-4FC3-B3EA-F85A992B24B7}"
EndProject
Project("{FAE04EC0-301F-11D3-BF4B-00C04F79EFBC}") = "Code.Infras.Readers", "Code.Infras.Readers\Code.Infras.Readers.csproj", "{3AEE4367-8BAC-4DC2-8F48-9F98A1366F8A}"
EndProject
Project("{FAE04EC0-301F-11D3-BF4B-00C04F79EFBC}") = "Code.Infras.Readers.Abstractions", "Code.Infras.Readers.Abstractions\Code.Infras.Readers.Abstractions.csproj", "{FABB4D07-2419-48FD-8B7F-76A653F8BD80}"
EndProject
Global
	GlobalSection(SolutionConfigurationPlatforms) = preSolution
	Debug|Any CPU = Debug|Any CPU
	ExportDebug|Any CPU = ExportDebug|Any CPU
	ExportRelease|Any CPU = ExportRelease|Any CPU
	EndGlobalSection
	GlobalSection(ProjectConfigurationPlatforms) = postSolution
		{780894CC-21B5-4E2B-ADE6-0F600D10249A}.Debug|Any CPU.ActiveCfg = Debug|Any CPU
		{780894CC-21B5-4E2B-ADE6-0F600D10249A}.Debug|Any CPU.Build.0 = Debug|Any CPU
		{780894CC-21B5-4E2B-ADE6-0F600D10249A}.ExportDebug|Any CPU.ActiveCfg = ExportDebug|Any CPU
		{780894CC-21B5-4E2B-ADE6-0F600D10249A}.ExportDebug|Any CPU.Build.0 = ExportDebug|Any CPU
		{780894CC-21B5-4E2B-ADE6-0F600D10249A}.ExportRelease|Any CPU.ActiveCfg = ExportRelease|Any CPU
		{780894CC-21B5-4E2B-ADE6-0F600D10249A}.ExportRelease|Any CPU.Build.0 = ExportRelease|Any CPU
		{910BE9F9-4102-4E67-83B9-BBC9DC126AE5}.Debug|Any CPU.ActiveCfg = Debug|Any CPU
		{910BE9F9-4102-4E67-83B9-BBC9DC126AE5}.Debug|Any CPU.Build.0 = Debug|Any CPU
		{910BE9F9-4102-4E67-83B9-BBC9DC126AE5}.ExportDebug|Any CPU.ActiveCfg = Debug|Any CPU
		{910BE9F9-4102-4E67-83B9-BBC9DC126AE5}.ExportDebug|Any CPU.Build.0 = Debug|Any CPU
		{910BE9F9-4102-4E67-83B9-BBC9DC126AE5}.ExportRelease|Any CPU.ActiveCfg = Debug|Any CPU
		{910BE9F9-4102-4E67-83B9-BBC9DC126AE5}.ExportRelease|Any CPU.Build.0 = Debug|Any CPU
		{A5B88203-968F-436B-A4F8-E160FE8BFB0C}.Debug|Any CPU.ActiveCfg = Debug|Any CPU
		{A5B88203-968F-436B-A4F8-E160FE8BFB0C}.Debug|Any CPU.Build.0 = Debug|Any CPU
		{A5B88203-968F-436B-A4F8-E160FE8BFB0C}.ExportDebug|Any CPU.ActiveCfg = Debug|Any CPU
		{A5B88203-968F-436B-A4F8-E160FE8BFB0C}.ExportDebug|Any CPU.Build.0 = Debug|Any CPU
		{A5B88203-968F-436B-A4F8-E160FE8BFB0C}.ExportRelease|Any CPU.ActiveCfg = Debug|Any CPU
		{A5B88203-968F-436B-A4F8-E160FE8BFB0C}.ExportRelease|Any CPU.Build.0 = Debug|Any CPU
		{F7BCB44E-8A8C-4AF9-B7B2-41A89A8BA801}.Debug|Any CPU.ActiveCfg = Debug|Any CPU
		{F7BCB44E-8A8C-4AF9-B7B2-41A89A8BA801}.Debug|Any CPU.Build.0 = Debug|Any CPU
		{F7BCB44E-8A8C-4AF9-B7B2-41A89A8BA801}.ExportDebug|Any CPU.ActiveCfg = Debug|Any CPU
		{F7BCB44E-8A8C-4AF9-B7B2-41A89A8BA801}.ExportDebug|Any CPU.Build.0 = Debug|Any CPU
		{F7BCB44E-8A8C-4AF9-B7B2-41A89A8BA801}.ExportRelease|Any CPU.ActiveCfg = Debug|Any CPU
		{F7BCB44E-8A8C-4AF9-B7B2-41A89A8BA801}.ExportRelease|Any CPU.Build.0 = Debug|Any CPU
		{ACCB75B3-3741-4139-9BC9-F2DAC4C48CFF}.Debug|Any CPU.ActiveCfg = Debug|Any CPU
		{ACCB75B3-3741-4139-9BC9-F2DAC4C48CFF}.Debug|Any CPU.Build.0 = Debug|Any CPU
		{ACCB75B3-3741-4139-9BC9-F2DAC4C48CFF}.ExportDebug|Any CPU.ActiveCfg = Debug|Any CPU
		{ACCB75B3-3741-4139-9BC9-F2DAC4C48CFF}.ExportDebug|Any CPU.Build.0 = Debug|Any CPU
		{ACCB75B3-3741-4139-9BC9-F2DAC4C48CFF}.ExportRelease|Any CPU.ActiveCfg = Debug|Any CPU
		{ACCB75B3-3741-4139-9BC9-F2DAC4C48CFF}.ExportRelease|Any CPU.Build.0 = Debug|Any CPU
		{94DF6592-9A14-429B-BAFE-2554A0A1B0F0}.Debug|Any CPU.ActiveCfg = Debug|Any CPU
		{94DF6592-9A14-429B-BAFE-2554A0A1B0F0}.Debug|Any CPU.Build.0 = Debug|Any CPU
		{94DF6592-9A14-429B-BAFE-2554A0A1B0F0}.ExportDebug|Any CPU.ActiveCfg = Debug|Any CPU
		{94DF6592-9A14-429B-BAFE-2554A0A1B0F0}.ExportDebug|Any CPU.Build.0 = Debug|Any CPU
		{94DF6592-9A14-429B-BAFE-2554A0A1B0F0}.ExportRelease|Any CPU.ActiveCfg = Debug|Any CPU
		{94DF6592-9A14-429B-BAFE-2554A0A1B0F0}.ExportRelease|Any CPU.Build.0 = Debug|Any CPU
		{EE02755E-A49E-4108-BCE6-80E1C3B2EB56}.Debug|Any CPU.ActiveCfg = Debug|Any CPU
		{EE02755E-A49E-4108-BCE6-80E1C3B2EB56}.Debug|Any CPU.Build.0 = Debug|Any CPU
		{EE02755E-A49E-4108-BCE6-80E1C3B2EB56}.ExportDebug|Any CPU.ActiveCfg = Debug|Any CPU
		{EE02755E-A49E-4108-BCE6-80E1C3B2EB56}.ExportDebug|Any CPU.Build.0 = Debug|Any CPU
		{EE02755E-A49E-4108-BCE6-80E1C3B2EB56}.ExportRelease|Any CPU.ActiveCfg = Debug|Any CPU
		{EE02755E-A49E-4108-BCE6-80E1C3B2EB56}.ExportRelease|Any CPU.Build.0 = Debug|Any CPU
		{A8056B67-AC49-440C-92BD-69D153A6CBE2}.Debug|Any CPU.ActiveCfg = Debug|Any CPU
		{A8056B67-AC49-440C-92BD-69D153A6CBE2}.Debug|Any CPU.Build.0 = Debug|Any CPU
		{A8056B67-AC49-440C-92BD-69D153A6CBE2}.ExportDebug|Any CPU.ActiveCfg = Debug|Any CPU
		{A8056B67-AC49-440C-92BD-69D153A6CBE2}.ExportDebug|Any CPU.Build.0 = Debug|Any CPU
		{A8056B67-AC49-440C-92BD-69D153A6CBE2}.ExportRelease|Any CPU.ActiveCfg = Debug|Any CPU
		{A8056B67-AC49-440C-92BD-69D153A6CBE2}.ExportRelease|Any CPU.Build.0 = Debug|Any CPU
		{FD54C570-E6D0-4BFA-8347-8B7AC6A4E0FA}.Debug|Any CPU.ActiveCfg = Debug|Any CPU
		{FD54C570-E6D0-4BFA-8347-8B7AC6A4E0FA}.Debug|Any CPU.Build.0 = Debug|Any CPU
		{FD54C570-E6D0-4BFA-8347-8B7AC6A4E0FA}.ExportDebug|Any CPU.ActiveCfg = Debug|Any CPU
		{FD54C570-E6D0-4BFA-8347-8B7AC6A4E0FA}.ExportDebug|Any CPU.Build.0 = Debug|Any CPU
		{FD54C570-E6D0-4BFA-8347-8B7AC6A4E0FA}.ExportRelease|Any CPU.ActiveCfg = Debug|Any CPU
		{FD54C570-E6D0-4BFA-8347-8B7AC6A4E0FA}.ExportRelease|Any CPU.Build.0 = Debug|Any CPU
		{40FE6251-7CE8-4121-B258-79881C8AEB2C}.Debug|Any CPU.ActiveCfg = Debug|Any CPU
		{40FE6251-7CE8-4121-B258-79881C8AEB2C}.Debug|Any CPU.Build.0 = Debug|Any CPU
		{40FE6251-7CE8-4121-B258-79881C8AEB2C}.ExportDebug|Any CPU.ActiveCfg = Debug|Any CPU
		{40FE6251-7CE8-4121-B258-79881C8AEB2C}.ExportDebug|Any CPU.Build.0 = Debug|Any CPU
		{40FE6251-7CE8-4121-B258-79881C8AEB2C}.ExportRelease|Any CPU.ActiveCfg = Debug|Any CPU
		{40FE6251-7CE8-4121-B258-79881C8AEB2C}.ExportRelease|Any CPU.Build.0 = Debug|Any CPU
		{7D497FAC-25E7-41B5-B6CC-E5EF84CC6DE8}.Debug|Any CPU.ActiveCfg = Debug|Any CPU
		{7D497FAC-25E7-41B5-B6CC-E5EF84CC6DE8}.Debug|Any CPU.Build.0 = Debug|Any CPU
		{7D497FAC-25E7-41B5-B6CC-E5EF84CC6DE8}.ExportDebug|Any CPU.ActiveCfg = Debug|Any CPU
		{7D497FAC-25E7-41B5-B6CC-E5EF84CC6DE8}.ExportDebug|Any CPU.Build.0 = Debug|Any CPU
		{7D497FAC-25E7-41B5-B6CC-E5EF84CC6DE8}.ExportRelease|Any CPU.ActiveCfg = Debug|Any CPU
		{7D497FAC-25E7-41B5-B6CC-E5EF84CC6DE8}.ExportRelease|Any CPU.Build.0 = Debug|Any CPU
		{3D857600-CA51-440A-95F0-4342E95E4A25}.Debug|Any CPU.ActiveCfg = Debug|Any CPU
		{3D857600-CA51-440A-95F0-4342E95E4A25}.Debug|Any CPU.Build.0 = Debug|Any CPU
		{3D857600-CA51-440A-95F0-4342E95E4A25}.ExportDebug|Any CPU.ActiveCfg = Debug|Any CPU
		{3D857600-CA51-440A-95F0-4342E95E4A25}.ExportDebug|Any CPU.Build.0 = Debug|Any CPU
		{3D857600-CA51-440A-95F0-4342E95E4A25}.ExportRelease|Any CPU.ActiveCfg = Debug|Any CPU
		{3D857600-CA51-440A-95F0-4342E95E4A25}.ExportRelease|Any CPU.Build.0 = Debug|Any CPU
		{0C83EE1E-9EB9-4B1A-8434-EDC28B1680A8}.Debug|Any CPU.ActiveCfg = Debug|Any CPU
		{0C83EE1E-9EB9-4B1A-8434-EDC28B1680A8}.Debug|Any CPU.Build.0 = Debug|Any CPU
		{0C83EE1E-9EB9-4B1A-8434-EDC28B1680A8}.ExportDebug|Any CPU.ActiveCfg = Debug|Any CPU
		{0C83EE1E-9EB9-4B1A-8434-EDC28B1680A8}.ExportDebug|Any CPU.Build.0 = Debug|Any CPU
		{0C83EE1E-9EB9-4B1A-8434-EDC28B1680A8}.ExportRelease|Any CPU.ActiveCfg = Debug|Any CPU
		{0C83EE1E-9EB9-4B1A-8434-EDC28B1680A8}.ExportRelease|Any CPU.Build.0 = Debug|Any CPU
		{0916FE98-2BDC-4FC3-B3EA-F85A992B24B7}.Debug|Any CPU.ActiveCfg = Debug|Any CPU
		{0916FE98-2BDC-4FC3-B3EA-F85A992B24B7}.Debug|Any CPU.Build.0 = Debug|Any CPU
		{0916FE98-2BDC-4FC3-B3EA-F85A992B24B7}.ExportDebug|Any CPU.ActiveCfg = Debug|Any CPU
		{0916FE98-2BDC-4FC3-B3EA-F85A992B24B7}.ExportDebug|Any CPU.Build.0 = Debug|Any CPU
		{0916FE98-2BDC-4FC3-B3EA-F85A992B24B7}.ExportRelease|Any CPU.ActiveCfg = Debug|Any CPU
		{0916FE98-2BDC-4FC3-B3EA-F85A992B24B7}.ExportRelease|Any CPU.Build.0 = Debug|Any CPU
		{3AEE4367-8BAC-4DC2-8F48-9F98A1366F8A}.Debug|Any CPU.ActiveCfg = Debug|Any CPU
		{3AEE4367-8BAC-4DC2-8F48-9F98A1366F8A}.Debug|Any CPU.Build.0 = Debug|Any CPU
		{3AEE4367-8BAC-4DC2-8F48-9F98A1366F8A}.ExportDebug|Any CPU.ActiveCfg = Debug|Any CPU
		{3AEE4367-8BAC-4DC2-8F48-9F98A1366F8A}.ExportDebug|Any CPU.Build.0 = Debug|Any CPU
		{3AEE4367-8BAC-4DC2-8F48-9F98A1366F8A}.ExportRelease|Any CPU.ActiveCfg = Debug|Any CPU
		{3AEE4367-8BAC-4DC2-8F48-9F98A1366F8A}.ExportRelease|Any CPU.Build.0 = Debug|Any CPU
		{FABB4D07-2419-48FD-8B7F-76A653F8BD80}.Debug|Any CPU.ActiveCfg = Debug|Any CPU
		{FABB4D07-2419-48FD-8B7F-76A653F8BD80}.Debug|Any CPU.Build.0 = Debug|Any CPU
		{FABB4D07-2419-48FD-8B7F-76A653F8BD80}.ExportDebug|Any CPU.ActiveCfg = Debug|Any CPU
		{FABB4D07-2419-48FD-8B7F-76A653F8BD80}.ExportDebug|Any CPU.Build.0 = Debug|Any CPU
		{FABB4D07-2419-48FD-8B7F-76A653F8BD80}.ExportRelease|Any CPU.ActiveCfg = Debug|Any CPU
		{FABB4D07-2419-48FD-8B7F-76A653F8BD80}.ExportRelease|Any CPU.Build.0 = Debug|Any CPU
	EndGlobalSection
	GlobalSection(NestedProjects) = preSolution
		{780894CC-21B5-4E2B-ADE6-0F600D10249A} = {5839F266-DA41-4085-8AC8-401B270E59E1}
		{94DF6592-9A14-429B-BAFE-2554A0A1B0F0} = {5839F266-DA41-4085-8AC8-401B270E59E1}
		{5839F266-DA41-4085-8AC8-401B270E59E1} = {CD5121C6-1BD6-4A41-9A38-803FF66A0FA1}
		{A72ED541-BD25-4ADA-96EC-0CFE429679BF} = {CD5121C6-1BD6-4A41-9A38-803FF66A0FA1}
		{51E82F8C-7EB2-4915-BFA7-ADEEE259F207} = {724BF993-C84C-4FB0-BBA6-ED60A7FB5D3C}
		{B5020FA0-FF49-480C-B6D9-783AF9426111} = {724BF993-C84C-4FB0-BBA6-ED60A7FB5D3C}
		{92FC74D8-5AA6-4030-BC09-FC8E61A13F8E} = {724BF993-C84C-4FB0-BBA6-ED60A7FB5D3C}
		{F7BCB44E-8A8C-4AF9-B7B2-41A89A8BA801} = {4B60B6FE-E94E-411F-BF2F-E73C6CBBF2DF}
		{ACCB75B3-3741-4139-9BC9-F2DAC4C48CFF} = {4B60B6FE-E94E-411F-BF2F-E73C6CBBF2DF}
		{EE02755E-A49E-4108-BCE6-80E1C3B2EB56} = {A72ED541-BD25-4ADA-96EC-0CFE429679BF}
		{A8056B67-AC49-440C-92BD-69D153A6CBE2} = {A72ED541-BD25-4ADA-96EC-0CFE429679BF}
		{FD54C570-E6D0-4BFA-8347-8B7AC6A4E0FA} = {51E82F8C-7EB2-4915-BFA7-ADEEE259F207}
		{40FE6251-7CE8-4121-B258-79881C8AEB2C} = {B5020FA0-FF49-480C-B6D9-783AF9426111}
		{7D497FAC-25E7-41B5-B6CC-E5EF84CC6DE8} = {B5020FA0-FF49-480C-B6D9-783AF9426111}
		{3D857600-CA51-440A-95F0-4342E95E4A25} = {B5020FA0-FF49-480C-B6D9-783AF9426111}
		{0C83EE1E-9EB9-4B1A-8434-EDC28B1680A8} = {92FC74D8-5AA6-4030-BC09-FC8E61A13F8E}
		{0916FE98-2BDC-4FC3-B3EA-F85A992B24B7} = {92FC74D8-5AA6-4030-BC09-FC8E61A13F8E}
		{3AEE4367-8BAC-4DC2-8F48-9F98A1366F8A} = {92FC74D8-5AA6-4030-BC09-FC8E61A13F8E}
		{FABB4D07-2419-48FD-8B7F-76A653F8BD80} = {92FC74D8-5AA6-4030-BC09-FC8E61A13F8E}
		{A5B88203-968F-436B-A4F8-E160FE8BFB0C} = {4B60B6FE-E94E-411F-BF2F-E73C6CBBF2DF}
	EndGlobalSection
EndGlobal
