Microsoft Visual Studio Solution File, Format Version 12.00
# Visual Studio 2012
Project("{FAE04EC0-301F-11D3-BF4B-00C04F79EFBC}") = "ZeromaX-s Playground Project", "ZeromaX-s Playground Project.csproj", "{780894CC-21B5-4E2B-ADE6-0F600D10249A}"
EndProject
Project("{F2A71F9B-5D33-465A-A702-920D77279786}") = "ProjectFS", "ProjectFS\ProjectFS.fsproj", "{910BE9F9-4102-4E67-83B9-BBC9DC126AE5}"
EndProject
Project("{FAE04EC0-301F-11D3-BF4B-00C04F79EFBC}") = "UnitTest", "UnitTest\UnitTest.csproj", "{A5B88203-968F-436B-A4F8-E160FE8BFB0C}"
EndProject
Global
	GlobalSection(SolutionConfigurationPlatforms) = preSolution
	Debug|Any CPU = Debug|Any CPU
	ExportDebug|Any CPU = ExportDebug|Any CPU
	ExportRelease|Any CPU = ExportRelease|Any CPU
	EndGlobalSection
	GlobalSection(ProjectConfigurationPlatforms) = postSolution
		{780894CC-21B5-4E2B-ADE6-0F600D10249A}.Debug|Any CPU.ActiveCfg = Debug|Any CPU
		{780894CC-21B5-4E2B-ADE6-0F600D10249A}.Debug|Any CPU.Build.0 = Debug|Any CPU
		{780894CC-21B5-4E2B-ADE6-0F600D10249A}.ExportDebug|Any CPU.ActiveCfg = ExportDebug|Any CPU
		{780894CC-21B5-4E2B-ADE6-0F600D10249A}.ExportDebug|Any CPU.Build.0 = ExportDebug|Any CPU
		{780894CC-21B5-4E2B-ADE6-0F600D10249A}.ExportRelease|Any CPU.ActiveCfg = ExportRelease|Any CPU
		{780894CC-21B5-4E2B-ADE6-0F600D10249A}.ExportRelease|Any CPU.Build.0 = ExportRelease|Any CPU
		{910BE9F9-4102-4E67-83B9-BBC9DC126AE5}.Debug|Any CPU.ActiveCfg = Debug|Any CPU
		{910BE9F9-4102-4E67-83B9-BBC9DC126AE5}.Debug|Any CPU.Build.0 = Debug|Any CPU
		{910BE9F9-4102-4E67-83B9-BBC9DC126AE5}.ExportDebug|Any CPU.ActiveCfg = Debug|Any CPU
		{910BE9F9-4102-4E67-83B9-BBC9DC126AE5}.ExportDebug|Any CPU.Build.0 = Debug|Any CPU
		{910BE9F9-4102-4E67-83B9-BBC9DC126AE5}.ExportRelease|Any CPU.ActiveCfg = Debug|Any CPU
		{910BE9F9-4102-4E67-83B9-BBC9DC126AE5}.ExportRelease|Any CPU.Build.0 = Debug|Any CPU
		{A5B88203-968F-436B-A4F8-E160FE8BFB0C}.Debug|Any CPU.ActiveCfg = Debug|Any CPU
		{A5B88203-968F-436B-A4F8-E160FE8BFB0C}.Debug|Any CPU.Build.0 = Debug|Any CPU
		{A5B88203-968F-436B-A4F8-E160FE8BFB0C}.ExportDebug|Any CPU.ActiveCfg = Debug|Any CPU
		{A5B88203-968F-436B-A4F8-E160FE8BFB0C}.ExportDebug|Any CPU.Build.0 = Debug|Any CPU
		{A5B88203-968F-436B-A4F8-E160FE8BFB0C}.ExportRelease|Any CPU.ActiveCfg = Debug|Any CPU
		{A5B88203-968F-436B-A4F8-E160FE8BFB0C}.ExportRelease|Any CPU.Build.0 = Debug|Any CPU
	EndGlobalSection
EndGlobal
