Microsoft Visual Studio Solution File, Format Version 12.00
# Visual Studio 2012
Project("{FAE04EC0-301F-11D3-BF4B-00C04F79EFBC}") = "TerraObserver", "TerraObserver.csproj", "{4E44A41B-646C-4469-8C96-47B2285FBC45}"
EndProject
Project("{2150E333-8FDC-42A3-9474-1A3956D46DE8}") = "0_Nodes", "0_Nodes", "{6A13AD5F-0ECF-4EF9-83AF-DFC219693E49}"
EndProject
Project("{FAE04EC0-301F-11D3-BF4B-00C04F79EFBC}") = "TO.Nodes.Abstractions", "TO.Nodes.Abstractions\TO.Nodes.Abstractions.csproj", "{095DDD6F-4944-4956-B559-A50600F18F86}"
EndProject
Project("{2150E333-8FDC-42A3-9474-1A3956D46DE8}") = "1_Domains", "1_Domains", "{4FCD8CC8-21B8-411F-B3DD-C227B7F044D5}"
EndProject
Project("{2150E333-8FDC-42A3-9474-1A3956D46DE8}") = "2_Infras", "2_Infras", "{EAFE3350-DA8F-4D83-85DE-8420062BF013}"
EndProject
Project("{2150E333-8FDC-42A3-9474-1A3956D46DE8}") = "3_CrossSlns", "3_CrossSlns", "{94CB5050-7141-4B2D-8828-3D88462C9219}"
EndProject
Project("{FAE04EC0-301F-11D3-BF4B-00C04F79EFBC}") = "TO.GodotNodes.Abstractions", "TO.GodotNodes.Abstractions\TO.GodotNodes.Abstractions.csproj", "{11482A3D-297D-4457-8191-D2A52DF44F6B}"
EndProject
Project("{FAE04EC0-301F-11D3-BF4B-00C04F79EFBC}") = "Test.CSharp", "Test.CSharp\Test.CSharp.csproj", "{61983607-AC48-455E-A2D0-FD5B242D5ED3}"
EndProject
Project("{F2A71F9B-5D33-465A-A702-920D77279786}") = "TO.Commons", "TO.Commons\TO.Commons.fsproj", "{3CB8B101-9A2B-48C1-90BF-70FB3584C43D}"
EndProject
Project("{F2A71F9B-5D33-465A-A702-920D77279786}") = "Test.Godot", "Test.Godot\Test.Godot.fsproj", "{3BE3631A-259E-4E12-AE97-333FEC20E937}"
EndProject
Project("{F2A71F9B-5D33-465A-A702-920D77279786}") = "TO.Domains.Functions", "TO.Domains.Functions\TO.Domains.Functions.fsproj", "{DCEEBD8F-9720-4FA4-A45D-5EF806F06AE6}"
EndProject
Project("{F2A71F9B-5D33-465A-A702-920D77279786}") = "TO.Domains.Models", "TO.Domains.Models\TO.Domains.Models.fsproj", "{B2B84230-75AB-495B-8369-D9D5014609B8}"
EndProject
Project("{F2A71F9B-5D33-465A-A702-920D77279786}") = "TO.Infras", "TO.Infras\TO.Infras.fsproj", "{C1C39F74-F2EE-4BED-8779-1DA7A555DE71}"
EndProject
Project("{F2A71F9B-5D33-465A-A702-920D77279786}") = "TO.Infras.Abstractions", "TO.Infras.Abstractions\TO.Infras.Abstractions.fsproj", "{C2EAF635-D409-4013-9A58-8B7C888FD8CD}"
EndProject
Project("{F2A71F9B-5D33-465A-A702-920D77279786}") = "Test.FSharp", "Test.FSharp\Test.FSharp.fsproj", "{6A2E2E9C-ADFF-444C-BC84-DDC1F0CEB69C}"
EndProject
Global
	GlobalSection(SolutionConfigurationPlatforms) = preSolution
	Debug|Any CPU = Debug|Any CPU
	ExportDebug|Any CPU = ExportDebug|Any CPU
	ExportRelease|Any CPU = ExportRelease|Any CPU
	EndGlobalSection
	GlobalSection(ProjectConfigurationPlatforms) = postSolution
		{4E44A41B-646C-4469-8C96-47B2285FBC45}.Debug|Any CPU.ActiveCfg = Debug|Any CPU
		{4E44A41B-646C-4469-8C96-47B2285FBC45}.Debug|Any CPU.Build.0 = Debug|Any CPU
		{4E44A41B-646C-4469-8C96-47B2285FBC45}.ExportDebug|Any CPU.ActiveCfg = ExportDebug|Any CPU
		{4E44A41B-646C-4469-8C96-47B2285FBC45}.ExportDebug|Any CPU.Build.0 = ExportDebug|Any CPU
		{4E44A41B-646C-4469-8C96-47B2285FBC45}.ExportRelease|Any CPU.ActiveCfg = ExportRelease|Any CPU
		{4E44A41B-646C-4469-8C96-47B2285FBC45}.ExportRelease|Any CPU.Build.0 = ExportRelease|Any CPU
		{095DDD6F-4944-4956-B559-A50600F18F86}.Debug|Any CPU.ActiveCfg = Debug|Any CPU
		{095DDD6F-4944-4956-B559-A50600F18F86}.Debug|Any CPU.Build.0 = Debug|Any CPU
		{095DDD6F-4944-4956-B559-A50600F18F86}.ExportDebug|Any CPU.ActiveCfg = Debug|Any CPU
		{095DDD6F-4944-4956-B559-A50600F18F86}.ExportDebug|Any CPU.Build.0 = Debug|Any CPU
		{095DDD6F-4944-4956-B559-A50600F18F86}.ExportRelease|Any CPU.ActiveCfg = Debug|Any CPU
		{095DDD6F-4944-4956-B559-A50600F18F86}.ExportRelease|Any CPU.Build.0 = Debug|Any CPU
		{11482A3D-297D-4457-8191-D2A52DF44F6B}.Debug|Any CPU.ActiveCfg = Debug|Any CPU
		{11482A3D-297D-4457-8191-D2A52DF44F6B}.Debug|Any CPU.Build.0 = Debug|Any CPU
		{11482A3D-297D-4457-8191-D2A52DF44F6B}.ExportDebug|Any CPU.ActiveCfg = Debug|Any CPU
		{11482A3D-297D-4457-8191-D2A52DF44F6B}.ExportDebug|Any CPU.Build.0 = Debug|Any CPU
		{11482A3D-297D-4457-8191-D2A52DF44F6B}.ExportRelease|Any CPU.ActiveCfg = Debug|Any CPU
		{11482A3D-297D-4457-8191-D2A52DF44F6B}.ExportRelease|Any CPU.Build.0 = Debug|Any CPU
		{61983607-AC48-455E-A2D0-FD5B242D5ED3}.Debug|Any CPU.ActiveCfg = Debug|Any CPU
		{61983607-AC48-455E-A2D0-FD5B242D5ED3}.Debug|Any CPU.Build.0 = Debug|Any CPU
		{61983607-AC48-455E-A2D0-FD5B242D5ED3}.ExportDebug|Any CPU.ActiveCfg = Debug|Any CPU
		{61983607-AC48-455E-A2D0-FD5B242D5ED3}.ExportDebug|Any CPU.Build.0 = Debug|Any CPU
		{61983607-AC48-455E-A2D0-FD5B242D5ED3}.ExportRelease|Any CPU.ActiveCfg = Debug|Any CPU
		{61983607-AC48-455E-A2D0-FD5B242D5ED3}.ExportRelease|Any CPU.Build.0 = Debug|Any CPU
		{3CB8B101-9A2B-48C1-90BF-70FB3584C43D}.Debug|Any CPU.ActiveCfg = Debug|Any CPU
		{3CB8B101-9A2B-48C1-90BF-70FB3584C43D}.Debug|Any CPU.Build.0 = Debug|Any CPU
		{3CB8B101-9A2B-48C1-90BF-70FB3584C43D}.ExportDebug|Any CPU.ActiveCfg = Debug|Any CPU
		{3CB8B101-9A2B-48C1-90BF-70FB3584C43D}.ExportDebug|Any CPU.Build.0 = Debug|Any CPU
		{3CB8B101-9A2B-48C1-90BF-70FB3584C43D}.ExportRelease|Any CPU.ActiveCfg = Debug|Any CPU
		{3CB8B101-9A2B-48C1-90BF-70FB3584C43D}.ExportRelease|Any CPU.Build.0 = Debug|Any CPU
		{3BE3631A-259E-4E12-AE97-333FEC20E937}.Debug|Any CPU.ActiveCfg = Debug|Any CPU
		{3BE3631A-259E-4E12-AE97-333FEC20E937}.Debug|Any CPU.Build.0 = Debug|Any CPU
		{3BE3631A-259E-4E12-AE97-333FEC20E937}.ExportDebug|Any CPU.ActiveCfg = Debug|Any CPU
		{3BE3631A-259E-4E12-AE97-333FEC20E937}.ExportDebug|Any CPU.Build.0 = Debug|Any CPU
		{3BE3631A-259E-4E12-AE97-333FEC20E937}.ExportRelease|Any CPU.ActiveCfg = Debug|Any CPU
		{3BE3631A-259E-4E12-AE97-333FEC20E937}.ExportRelease|Any CPU.Build.0 = Debug|Any CPU
		{DCEEBD8F-9720-4FA4-A45D-5EF806F06AE6}.Debug|Any CPU.ActiveCfg = Debug|Any CPU
		{DCEEBD8F-9720-4FA4-A45D-5EF806F06AE6}.Debug|Any CPU.Build.0 = Debug|Any CPU
		{DCEEBD8F-9720-4FA4-A45D-5EF806F06AE6}.ExportDebug|Any CPU.ActiveCfg = Debug|Any CPU
		{DCEEBD8F-9720-4FA4-A45D-5EF806F06AE6}.ExportDebug|Any CPU.Build.0 = Debug|Any CPU
		{DCEEBD8F-9720-4FA4-A45D-5EF806F06AE6}.ExportRelease|Any CPU.ActiveCfg = Debug|Any CPU
		{DCEEBD8F-9720-4FA4-A45D-5EF806F06AE6}.ExportRelease|Any CPU.Build.0 = Debug|Any CPU
		{B2B84230-75AB-495B-8369-D9D5014609B8}.Debug|Any CPU.ActiveCfg = Debug|Any CPU
		{B2B84230-75AB-495B-8369-D9D5014609B8}.Debug|Any CPU.Build.0 = Debug|Any CPU
		{B2B84230-75AB-495B-8369-D9D5014609B8}.ExportDebug|Any CPU.ActiveCfg = Debug|Any CPU
		{B2B84230-75AB-495B-8369-D9D5014609B8}.ExportDebug|Any CPU.Build.0 = Debug|Any CPU
		{B2B84230-75AB-495B-8369-D9D5014609B8}.ExportRelease|Any CPU.ActiveCfg = Debug|Any CPU
		{B2B84230-75AB-495B-8369-D9D5014609B8}.ExportRelease|Any CPU.Build.0 = Debug|Any CPU
		{C1C39F74-F2EE-4BED-8779-1DA7A555DE71}.Debug|Any CPU.ActiveCfg = Debug|Any CPU
		{C1C39F74-F2EE-4BED-8779-1DA7A555DE71}.Debug|Any CPU.Build.0 = Debug|Any CPU
		{C1C39F74-F2EE-4BED-8779-1DA7A555DE71}.ExportDebug|Any CPU.ActiveCfg = Debug|Any CPU
		{C1C39F74-F2EE-4BED-8779-1DA7A555DE71}.ExportDebug|Any CPU.Build.0 = Debug|Any CPU
		{C1C39F74-F2EE-4BED-8779-1DA7A555DE71}.ExportRelease|Any CPU.ActiveCfg = Debug|Any CPU
		{C1C39F74-F2EE-4BED-8779-1DA7A555DE71}.ExportRelease|Any CPU.Build.0 = Debug|Any CPU
		{C2EAF635-D409-4013-9A58-8B7C888FD8CD}.Debug|Any CPU.ActiveCfg = Debug|Any CPU
		{C2EAF635-D409-4013-9A58-8B7C888FD8CD}.Debug|Any CPU.Build.0 = Debug|Any CPU
		{C2EAF635-D409-4013-9A58-8B7C888FD8CD}.ExportDebug|Any CPU.ActiveCfg = Debug|Any CPU
		{C2EAF635-D409-4013-9A58-8B7C888FD8CD}.ExportDebug|Any CPU.Build.0 = Debug|Any CPU
		{C2EAF635-D409-4013-9A58-8B7C888FD8CD}.ExportRelease|Any CPU.ActiveCfg = Debug|Any CPU
		{C2EAF635-D409-4013-9A58-8B7C888FD8CD}.ExportRelease|Any CPU.Build.0 = Debug|Any CPU
		{6A2E2E9C-ADFF-444C-BC84-DDC1F0CEB69C}.Debug|Any CPU.ActiveCfg = Debug|Any CPU
		{6A2E2E9C-ADFF-444C-BC84-DDC1F0CEB69C}.Debug|Any CPU.Build.0 = Debug|Any CPU
		{6A2E2E9C-ADFF-444C-BC84-DDC1F0CEB69C}.ExportDebug|Any CPU.ActiveCfg = Debug|Any CPU
		{6A2E2E9C-ADFF-444C-BC84-DDC1F0CEB69C}.ExportDebug|Any CPU.Build.0 = Debug|Any CPU
		{6A2E2E9C-ADFF-444C-BC84-DDC1F0CEB69C}.ExportRelease|Any CPU.ActiveCfg = Debug|Any CPU
		{6A2E2E9C-ADFF-444C-BC84-DDC1F0CEB69C}.ExportRelease|Any CPU.Build.0 = Debug|Any CPU
	EndGlobalSection
	GlobalSection(NestedProjects) = preSolution
		{4E44A41B-646C-4469-8C96-47B2285FBC45} = {6A13AD5F-0ECF-4EF9-83AF-DFC219693E49}
		{095DDD6F-4944-4956-B559-A50600F18F86} = {6A13AD5F-0ECF-4EF9-83AF-DFC219693E49}
		{11482A3D-297D-4457-8191-D2A52DF44F6B} = {94CB5050-7141-4B2D-8828-3D88462C9219}
		{61983607-AC48-455E-A2D0-FD5B242D5ED3} = {94CB5050-7141-4B2D-8828-3D88462C9219}
		{3CB8B101-9A2B-48C1-90BF-70FB3584C43D} = {94CB5050-7141-4B2D-8828-3D88462C9219}
		{3BE3631A-259E-4E12-AE97-333FEC20E937} = {94CB5050-7141-4B2D-8828-3D88462C9219}
		{DCEEBD8F-9720-4FA4-A45D-5EF806F06AE6} = {4FCD8CC8-21B8-411F-B3DD-C227B7F044D5}
		{B2B84230-75AB-495B-8369-D9D5014609B8} = {4FCD8CC8-21B8-411F-B3DD-C227B7F044D5}
		{C1C39F74-F2EE-4BED-8779-1DA7A555DE71} = {EAFE3350-DA8F-4D83-85DE-8420062BF013}
		{C2EAF635-D409-4013-9A58-8B7C888FD8CD} = {EAFE3350-DA8F-4D83-85DE-8420062BF013}
		{6A2E2E9C-ADFF-444C-BC84-DDC1F0CEB69C} = {94CB5050-7141-4B2D-8828-3D88462C9219}
	EndGlobalSection
EndGlobal
