Microsoft Visual Studio Solution File, Format Version 12.00
# Visual Studio 2012
Project("{FAE04EC0-301F-11D3-BF4B-00C04F79EFBC}") = "TerraObserver", "TerraObserver.csproj", "{4E44A41B-646C-4469-8C96-47B2285FBC45}"
EndProject
Project("{2150E333-8FDC-42A3-9474-1A3956D46DE8}") = "0_Apps", "0_Apps", "{6A13AD5F-0ECF-4EF9-83AF-DFC219693E49}"
EndProject
Project("{2150E333-8FDC-42A3-9474-1A3956D46DE8}") = "2_Domains", "2_Domains", "{4FCD8CC8-21B8-411F-B3DD-C227B7F044D5}"
EndProject
Project("{2150E333-8FDC-42A3-9474-1A3956D46DE8}") = "1_Infras", "1_Infras", "{EAFE3350-DA8F-4D83-85DE-8420062BF013}"
EndProject
Project("{2150E333-8FDC-42A3-9474-1A3956D46DE8}") = "3_CrossSlns", "3_CrossSlns", "{94CB5050-7141-4B2D-8828-3D88462C9219}"
EndProject
Project("{FAE04EC0-301F-11D3-BF4B-00C04F79EFBC}") = "Test.CSharp", "Test.CSharp\Test.CSharp.csproj", "{61983607-AC48-455E-A2D0-FD5B242D5ED3}"
EndProject
Project("{F2A71F9B-5D33-465A-A702-920D77279786}") = "TO.Commons", "TO.Commons\TO.Commons.fsproj", "{3CB8B101-9A2B-48C1-90BF-70FB3584C43D}"
EndProject
Project("{F2A71F9B-5D33-465A-A702-920D77279786}") = "Test.Godot", "Test.Godot\Test.Godot.fsproj", "{3BE3631A-259E-4E12-AE97-333FEC20E937}"
EndProject
Project("{F2A71F9B-5D33-465A-A702-920D77279786}") = "TO.Domains", "TO.Domains\TO.Domains.fsproj", "{DCEEBD8F-9720-4FA4-A45D-5EF806F06AE6}"
EndProject
Project("{F2A71F9B-5D33-465A-A702-920D77279786}") = "TO.Infras", "TO.Infras\TO.Infras.fsproj", "{C1C39F74-F2EE-4BED-8779-1DA7A555DE71}"
EndProject
Project("{F2A71F9B-5D33-465A-A702-920D77279786}") = "Test.FSharp", "Test.FSharp\Test.FSharp.fsproj", "{6A2E2E9C-ADFF-444C-BC84-DDC1F0CEB69C}"
EndProject
Project("{FAE04EC0-301F-11D3-BF4B-00C04F79EFBC}") = "TO.GodotNodes.Abstractions", "TO.GodotNodes.Abstractions\TO.GodotNodes.Abstractions.csproj", "{8861FBF0-1242-47FD-9AA1-523F5086E265}"
EndProject
Project("{FAE04EC0-301F-11D3-BF4B-00C04F79EFBC}") = "TO.Nodes.Abstractions", "TO.Nodes.Abstractions\TO.Nodes.Abstractions.csproj", "{EAAEF222-B075-42C4-866E-D6E641D9220F}"
EndProject
Project("{F2A71F9B-5D33-465A-A702-920D77279786}") = "Test.Commons", "Test.Commons\Test.Commons.fsproj", "{5648514D-F7F8-4A70-92F0-5B04509A8CBD}"
EndProject
Project("{F2A71F9B-5D33-465A-A702-920D77279786}") = "Test.Infras", "Test.Infras\Test.Infras.fsproj", "{A44035DC-055F-4949-A616-F001A5EECAC9}"
EndProject
Project("{FAE04EC0-301F-11D3-BF4B-00C04F79EFBC}") = "Test.Friflo", "Test.Friflo\Test.Friflo.csproj", "{3EF2A2C5-011F-40DF-8D8A-250765C8FCDC}"
EndProject
Global
	GlobalSection(SolutionConfigurationPlatforms) = preSolution
	Debug|Any CPU = Debug|Any CPU
	ExportDebug|Any CPU = ExportDebug|Any CPU
	ExportRelease|Any CPU = ExportRelease|Any CPU
	EndGlobalSection
	GlobalSection(ProjectConfigurationPlatforms) = postSolution
		{4E44A41B-646C-4469-8C96-47B2285FBC45}.Debug|Any CPU.ActiveCfg = Debug|Any CPU
		{4E44A41B-646C-4469-8C96-47B2285FBC45}.Debug|Any CPU.Build.0 = Debug|Any CPU
		{4E44A41B-646C-4469-8C96-47B2285FBC45}.ExportDebug|Any CPU.ActiveCfg = ExportDebug|Any CPU
		{4E44A41B-646C-4469-8C96-47B2285FBC45}.ExportDebug|Any CPU.Build.0 = ExportDebug|Any CPU
		{4E44A41B-646C-4469-8C96-47B2285FBC45}.ExportRelease|Any CPU.ActiveCfg = ExportRelease|Any CPU
		{4E44A41B-646C-4469-8C96-47B2285FBC45}.ExportRelease|Any CPU.Build.0 = ExportRelease|Any CPU
		{61983607-AC48-455E-A2D0-FD5B242D5ED3}.Debug|Any CPU.ActiveCfg = Debug|Any CPU
		{61983607-AC48-455E-A2D0-FD5B242D5ED3}.Debug|Any CPU.Build.0 = Debug|Any CPU
		{61983607-AC48-455E-A2D0-FD5B242D5ED3}.ExportDebug|Any CPU.ActiveCfg = Debug|Any CPU
		{61983607-AC48-455E-A2D0-FD5B242D5ED3}.ExportDebug|Any CPU.Build.0 = Debug|Any CPU
		{61983607-AC48-455E-A2D0-FD5B242D5ED3}.ExportRelease|Any CPU.ActiveCfg = Debug|Any CPU
		{61983607-AC48-455E-A2D0-FD5B242D5ED3}.ExportRelease|Any CPU.Build.0 = Debug|Any CPU
		{3CB8B101-9A2B-48C1-90BF-70FB3584C43D}.Debug|Any CPU.ActiveCfg = Debug|Any CPU
		{3CB8B101-9A2B-48C1-90BF-70FB3584C43D}.Debug|Any CPU.Build.0 = Debug|Any CPU
		{3CB8B101-9A2B-48C1-90BF-70FB3584C43D}.ExportDebug|Any CPU.ActiveCfg = Debug|Any CPU
		{3CB8B101-9A2B-48C1-90BF-70FB3584C43D}.ExportDebug|Any CPU.Build.0 = Debug|Any CPU
		{3CB8B101-9A2B-48C1-90BF-70FB3584C43D}.ExportRelease|Any CPU.ActiveCfg = Debug|Any CPU
		{3CB8B101-9A2B-48C1-90BF-70FB3584C43D}.ExportRelease|Any CPU.Build.0 = Debug|Any CPU
		{3BE3631A-259E-4E12-AE97-333FEC20E937}.Debug|Any CPU.ActiveCfg = Debug|Any CPU
		{3BE3631A-259E-4E12-AE97-333FEC20E937}.Debug|Any CPU.Build.0 = Debug|Any CPU
		{3BE3631A-259E-4E12-AE97-333FEC20E937}.ExportDebug|Any CPU.ActiveCfg = Debug|Any CPU
		{3BE3631A-259E-4E12-AE97-333FEC20E937}.ExportDebug|Any CPU.Build.0 = Debug|Any CPU
		{3BE3631A-259E-4E12-AE97-333FEC20E937}.ExportRelease|Any CPU.ActiveCfg = Debug|Any CPU
		{3BE3631A-259E-4E12-AE97-333FEC20E937}.ExportRelease|Any CPU.Build.0 = Debug|Any CPU
		{DCEEBD8F-9720-4FA4-A45D-5EF806F06AE6}.Debug|Any CPU.ActiveCfg = Debug|Any CPU
		{DCEEBD8F-9720-4FA4-A45D-5EF806F06AE6}.Debug|Any CPU.Build.0 = Debug|Any CPU
		{DCEEBD8F-9720-4FA4-A45D-5EF806F06AE6}.ExportDebug|Any CPU.ActiveCfg = Debug|Any CPU
		{DCEEBD8F-9720-4FA4-A45D-5EF806F06AE6}.ExportDebug|Any CPU.Build.0 = Debug|Any CPU
		{DCEEBD8F-9720-4FA4-A45D-5EF806F06AE6}.ExportRelease|Any CPU.ActiveCfg = Debug|Any CPU
		{DCEEBD8F-9720-4FA4-A45D-5EF806F06AE6}.ExportRelease|Any CPU.Build.0 = Debug|Any CPU
		{C1C39F74-F2EE-4BED-8779-1DA7A555DE71}.Debug|Any CPU.ActiveCfg = Debug|Any CPU
		{C1C39F74-F2EE-4BED-8779-1DA7A555DE71}.Debug|Any CPU.Build.0 = Debug|Any CPU
		{C1C39F74-F2EE-4BED-8779-1DA7A555DE71}.ExportDebug|Any CPU.ActiveCfg = Debug|Any CPU
		{C1C39F74-F2EE-4BED-8779-1DA7A555DE71}.ExportDebug|Any CPU.Build.0 = Debug|Any CPU
		{C1C39F74-F2EE-4BED-8779-1DA7A555DE71}.ExportRelease|Any CPU.ActiveCfg = Debug|Any CPU
		{C1C39F74-F2EE-4BED-8779-1DA7A555DE71}.ExportRelease|Any CPU.Build.0 = Debug|Any CPU
		{6A2E2E9C-ADFF-444C-BC84-DDC1F0CEB69C}.Debug|Any CPU.ActiveCfg = Debug|Any CPU
		{6A2E2E9C-ADFF-444C-BC84-DDC1F0CEB69C}.Debug|Any CPU.Build.0 = Debug|Any CPU
		{6A2E2E9C-ADFF-444C-BC84-DDC1F0CEB69C}.ExportDebug|Any CPU.ActiveCfg = Debug|Any CPU
		{6A2E2E9C-ADFF-444C-BC84-DDC1F0CEB69C}.ExportDebug|Any CPU.Build.0 = Debug|Any CPU
		{6A2E2E9C-ADFF-444C-BC84-DDC1F0CEB69C}.ExportRelease|Any CPU.ActiveCfg = Debug|Any CPU
		{6A2E2E9C-ADFF-444C-BC84-DDC1F0CEB69C}.ExportRelease|Any CPU.Build.0 = Debug|Any CPU
		{8861FBF0-1242-47FD-9AA1-523F5086E265}.Debug|Any CPU.ActiveCfg = Debug|Any CPU
		{8861FBF0-1242-47FD-9AA1-523F5086E265}.Debug|Any CPU.Build.0 = Debug|Any CPU
		{8861FBF0-1242-47FD-9AA1-523F5086E265}.ExportDebug|Any CPU.ActiveCfg = Debug|Any CPU
		{8861FBF0-1242-47FD-9AA1-523F5086E265}.ExportDebug|Any CPU.Build.0 = Debug|Any CPU
		{8861FBF0-1242-47FD-9AA1-523F5086E265}.ExportRelease|Any CPU.ActiveCfg = Debug|Any CPU
		{8861FBF0-1242-47FD-9AA1-523F5086E265}.ExportRelease|Any CPU.Build.0 = Debug|Any CPU
		{EAAEF222-B075-42C4-866E-D6E641D9220F}.Debug|Any CPU.ActiveCfg = Debug|Any CPU
		{EAAEF222-B075-42C4-866E-D6E641D9220F}.Debug|Any CPU.Build.0 = Debug|Any CPU
		{EAAEF222-B075-42C4-866E-D6E641D9220F}.ExportDebug|Any CPU.ActiveCfg = Debug|Any CPU
		{EAAEF222-B075-42C4-866E-D6E641D9220F}.ExportDebug|Any CPU.Build.0 = Debug|Any CPU
		{EAAEF222-B075-42C4-866E-D6E641D9220F}.ExportRelease|Any CPU.ActiveCfg = Debug|Any CPU
		{EAAEF222-B075-42C4-866E-D6E641D9220F}.ExportRelease|Any CPU.Build.0 = Debug|Any CPU
		{5648514D-F7F8-4A70-92F0-5B04509A8CBD}.Debug|Any CPU.ActiveCfg = Debug|Any CPU
		{5648514D-F7F8-4A70-92F0-5B04509A8CBD}.Debug|Any CPU.Build.0 = Debug|Any CPU
		{5648514D-F7F8-4A70-92F0-5B04509A8CBD}.ExportDebug|Any CPU.ActiveCfg = Debug|Any CPU
		{5648514D-F7F8-4A70-92F0-5B04509A8CBD}.ExportDebug|Any CPU.Build.0 = Debug|Any CPU
		{5648514D-F7F8-4A70-92F0-5B04509A8CBD}.ExportRelease|Any CPU.ActiveCfg = Debug|Any CPU
		{5648514D-F7F8-4A70-92F0-5B04509A8CBD}.ExportRelease|Any CPU.Build.0 = Debug|Any CPU
		{A44035DC-055F-4949-A616-F001A5EECAC9}.Debug|Any CPU.ActiveCfg = Debug|Any CPU
		{A44035DC-055F-4949-A616-F001A5EECAC9}.Debug|Any CPU.Build.0 = Debug|Any CPU
		{A44035DC-055F-4949-A616-F001A5EECAC9}.ExportDebug|Any CPU.ActiveCfg = Debug|Any CPU
		{A44035DC-055F-4949-A616-F001A5EECAC9}.ExportDebug|Any CPU.Build.0 = Debug|Any CPU
		{A44035DC-055F-4949-A616-F001A5EECAC9}.ExportRelease|Any CPU.ActiveCfg = Debug|Any CPU
		{A44035DC-055F-4949-A616-F001A5EECAC9}.ExportRelease|Any CPU.Build.0 = Debug|Any CPU
		{3EF2A2C5-011F-40DF-8D8A-250765C8FCDC}.Debug|Any CPU.ActiveCfg = Debug|Any CPU
		{3EF2A2C5-011F-40DF-8D8A-250765C8FCDC}.Debug|Any CPU.Build.0 = Debug|Any CPU
		{3EF2A2C5-011F-40DF-8D8A-250765C8FCDC}.ExportDebug|Any CPU.ActiveCfg = Debug|Any CPU
		{3EF2A2C5-011F-40DF-8D8A-250765C8FCDC}.ExportDebug|Any CPU.Build.0 = Debug|Any CPU
		{3EF2A2C5-011F-40DF-8D8A-250765C8FCDC}.ExportRelease|Any CPU.ActiveCfg = Debug|Any CPU
		{3EF2A2C5-011F-40DF-8D8A-250765C8FCDC}.ExportRelease|Any CPU.Build.0 = Debug|Any CPU
	EndGlobalSection
	GlobalSection(NestedProjects) = preSolution
		{4E44A41B-646C-4469-8C96-47B2285FBC45} = {6A13AD5F-0ECF-4EF9-83AF-DFC219693E49}
		{61983607-AC48-455E-A2D0-FD5B242D5ED3} = {94CB5050-7141-4B2D-8828-3D88462C9219}
		{3CB8B101-9A2B-48C1-90BF-70FB3584C43D} = {94CB5050-7141-4B2D-8828-3D88462C9219}
		{3BE3631A-259E-4E12-AE97-333FEC20E937} = {94CB5050-7141-4B2D-8828-3D88462C9219}
		{DCEEBD8F-9720-4FA4-A45D-5EF806F06AE6} = {4FCD8CC8-21B8-411F-B3DD-C227B7F044D5}
		{C1C39F74-F2EE-4BED-8779-1DA7A555DE71} = {EAFE3350-DA8F-4D83-85DE-8420062BF013}
		{6A2E2E9C-ADFF-444C-BC84-DDC1F0CEB69C} = {94CB5050-7141-4B2D-8828-3D88462C9219}
		{EAAEF222-B075-42C4-866E-D6E641D9220F} = {6A13AD5F-0ECF-4EF9-83AF-DFC219693E49}
		{8861FBF0-1242-47FD-9AA1-523F5086E265} = {94CB5050-7141-4B2D-8828-3D88462C9219}
		{5648514D-F7F8-4A70-92F0-5B04509A8CBD} = {94CB5050-7141-4B2D-8828-3D88462C9219}
		{A44035DC-055F-4949-A616-F001A5EECAC9} = {EAFE3350-DA8F-4D83-85DE-8420062BF013}
		{3EF2A2C5-011F-40DF-8D8A-250765C8FCDC} = {EAFE3350-DA8F-4D83-85DE-8420062BF013}
	EndGlobalSection
EndGlobal
